Microsoft Visual Studio Solution File, Format Version 12.00
# Visual Studio Version 17
VisualStudioVersion = 17.0.32002.185
MinimumVisualStudioVersion = 10.0.40219.1
Project("{9A19103F-16F7-4668-BE54-9A1E7A4F7556}") = "CryptoCom.Examples.Api", "CryptoCom.Api\CryptoCom.Examples.Api.csproj", "{8D7694ED-912A-4F92-B924-CFD107EB20CA}"
EndProject
Project("{9A19103F-16F7-4668-BE54-9A1E7A4F7556}") = "CryptoCom.Examples.Console", "CryptoCom.Console\CryptoCom.Examples.Console.csproj", "{5B869493-8271-45C5-93AE-5357B45FE005}"
EndProject
Project("{9A19103F-16F7-4668-BE54-9A1E7A4F7556}") = "CryptoCom.Net", "..\CryptoCom.Net\CryptoCom.Net.csproj", "{D593E304-E1BD-4617-A7B2-7D141472491D}"
EndProject
Project("{9A19103F-16F7-4668-BE54-9A1E7A4F7556}") = "CryptoCom.Examples.OrderBook", "CryptoCom.Examples.OrderBook\CryptoCom.Examples.OrderBook.csproj", "{793B25A4-8918-41A2-9C06-432510E8CAAF}"
EndProject
Project("{9A19103F-16F7-4668-BE54-9A1E7A4F7556}") = "CryptoCom.Examples.Tracker", "CryptoCom.Examples.Tracker\CryptoCom.Examples.Tracker.csproj", "{891BC482-77C5-4CD4-82E7-219C3EE66272}"
EndProject
Global
	GlobalSection(SolutionConfigurationPlatforms) = preSolution
		Debug|Any CPU = Debug|Any CPU
		Release|Any CPU = Release|Any CPU
	EndGlobalSection
	GlobalSection(ProjectConfigurationPlatforms) = postSolution
		{8D7694ED-912A-4F92-B924-CFD107EB20CA}.Debug|Any CPU.ActiveCfg = Debug|Any CPU
		{8D7694ED-912A-4F92-B924-CFD107EB20CA}.Debug|Any CPU.Build.0 = Debug|Any CPU
		{8D7694ED-912A-4F92-B924-CFD107EB20CA}.Release|Any CPU.ActiveCfg = Release|Any CPU
		{8D7694ED-912A-4F92-B924-CFD107EB20CA}.Release|Any CPU.Build.0 = Release|Any CPU
		{5B869493-8271-45C5-93AE-5357B45FE005}.Debug|Any CPU.ActiveCfg = Debug|Any CPU
		{5B869493-8271-45C5-93AE-5357B45FE005}.Debug|Any CPU.Build.0 = Debug|Any CPU
		{5B869493-8271-45C5-93AE-5357B45FE005}.Release|Any CPU.ActiveCfg = Release|Any CPU
		{5B869493-8271-45C5-93AE-5357B45FE005}.Release|Any CPU.Build.0 = Release|Any CPU
		{D593E304-E1BD-4617-A7B2-7D141472491D}.Debug|Any CPU.ActiveCfg = Debug|Any CPU
		{D593E304-E1BD-4617-A7B2-7D141472491D}.Debug|Any CPU.Build.0 = Debug|Any CPU
		{D593E304-E1BD-4617-A7B2-7D141472491D}.Release|Any CPU.ActiveCfg = Release|Any CPU
		{D593E304-E1BD-4617-A7B2-7D141472491D}.Release|Any CPU.Build.0 = Release|Any CPU
		{793B25A4-8918-41A2-9C06-432510E8CAAF}.Debug|Any CPU.ActiveCfg = Debug|Any CPU
		{793B25A4-8918-41A2-9C06-432510E8CAAF}.Debug|Any CPU.Build.0 = Debug|Any CPU
		{793B25A4-8918-41A2-9C06-432510E8CAAF}.Release|Any CPU.ActiveCfg = Release|Any CPU
		{793B25A4-8918-41A2-9C06-432510E8CAAF}.Release|Any CPU.Build.0 = Release|Any CPU
		{891BC482-77C5-4CD4-82E7-219C3EE66272}.Debug|Any CPU.ActiveCfg = Debug|Any CPU
		{891BC482-77C5-4CD4-82E7-219C3EE66272}.Debug|Any CPU.Build.0 = Debug|Any CPU
		{891BC482-77C5-4CD4-82E7-219C3EE66272}.Release|Any CPU.ActiveCfg = Release|Any CPU
		{891BC482-77C5-4CD4-82E7-219C3EE66272}.Release|Any CPU.Build.0 = Release|Any CPU
	EndGlobalSection
	GlobalSection(SolutionProperties) = preSolution
		HideSolutionNode = FALSE
	EndGlobalSection
	GlobalSection(ExtensibilityGlobals) = postSolution
		SolutionGuid = {0FC03929-769B-4314-AF91-AF01E06278DD}
	EndGlobalSection
EndGlobal
